{
    "name": "aqua-ls-server",
    "version": "0.0.1",
    "lockfileVersion": 2,
    "requires": true,
    "packages": {
        "": {
            "name": "aqua-ls-server",
            "version": "0.0.1",
            "dependencies": {
                "@fluencelabs/aqua-language-server-api": "0.13.1",
                "global-dirs": "^3.0.0",
                "vscode-languageserver": "^9.0.0",
                "vscode-languageserver-textdocument": "^1.0.4",
                "vscode-uri": "3.0.8"
            },
            "engines": {
                "node": "*"
            }
        },
        "../../../aqua/language-server-npm": {
            "extraneous": true
        },
        "../../aqua/language-server": {
            "extraneous": true
        },
        "../../aqua/language-server-npm": {
            "name": "@fluencelabs/aqua-language-server-api",
            "version": "0.0.3",
            "extraneous": true,
            "license": "Apache-2.0"
        },
        "node_modules/@fluencelabs/aqua-language-server-api": {
            "version": "0.13.1",
            "resolved": "https://registry.npmjs.org/@fluencelabs/aqua-language-server-api/-/aqua-language-server-api-0.13.1.tgz",
            "integrity": "sha512-RipKk2NZiwX72eEN5gfDbdzljsGGMva01sCukrdrxV+zdyh+9TVZCjlpaVwZsjW/5e1wRCk0DE+RbVTlDc3Ktg=="
        },
        "node_modules/global-dirs": {
            "version": "3.0.0",
            "resolved": "https://registry.npmjs.org/global-dirs/-/global-dirs-3.0.0.tgz",
            "integrity": "sha512-v8ho2DS5RiCjftj1nD9NmnfaOzTdud7RRnVd9kFNOjqZbISlx5DQ+OrTkywgd0dIt7oFCvKetZSHoHcP3sDdiA==",
            "dependencies": {
                "ini": "2.0.0"
            },
            "engines": {
                "node": ">=10"
            },
            "funding": {
                "url": "https://github.com/sponsors/sindresorhus"
            }
        },
        "node_modules/ini": {
            "version": "2.0.0",
            "resolved": "https://registry.npmjs.org/ini/-/ini-2.0.0.tgz",
            "integrity": "sha512-7PnF4oN3CvZF23ADhA5wRaYEQpJ8qygSkbtTXWBeXWXmEVRXK+1ITciHWwHhsjv1TmW0MgacIv6hEi5pX5NQdA==",
            "engines": {
                "node": ">=10"
            }
        },
        "node_modules/vscode-jsonrpc": {
            "version": "8.2.0",
            "resolved": "https://registry.npmjs.org/vscode-jsonrpc/-/vscode-jsonrpc-8.2.0.tgz",
            "integrity": "sha512-C+r0eKJUIfiDIfwJhria30+TYWPtuHJXHtI7J0YlOmKAo7ogxP20T0zxB7HZQIFhIyvoBPwWskjxrvAtfjyZfA==",
            "engines": {
                "node": ">=14.0.0"
            }
        },
        "node_modules/vscode-languageserver": {
            "version": "9.0.1",
            "resolved": "https://registry.npmjs.org/vscode-languageserver/-/vscode-languageserver-9.0.1.tgz",
            "integrity": "sha512-woByF3PDpkHFUreUa7Hos7+pUWdeWMXRd26+ZX2A8cFx6v/JPTtd4/uN0/jB6XQHYaOlHbio03NTHCqrgG5n7g==",
            "dependencies": {
                "vscode-languageserver-protocol": "3.17.5"
            },
            "bin": {
                "installServerIntoExtension": "bin/installServerIntoExtension"
            }
        },
        "node_modules/vscode-languageserver-protocol": {
            "version": "3.17.5",
            "resolved": "https://registry.npmjs.org/vscode-languageserver-protocol/-/vscode-languageserver-protocol-3.17.5.tgz",
            "integrity": "sha512-mb1bvRJN8SVznADSGWM9u/b07H7Ecg0I3OgXDuLdn307rl/J3A9YD6/eYOssqhecL27hK1IPZAsaqh00i/Jljg==",
            "dependencies": {
                "vscode-jsonrpc": "8.2.0",
                "vscode-languageserver-types": "3.17.5"
            }
        },
        "node_modules/vscode-languageserver-textdocument": {
            "version": "1.0.4",
            "resolved": "https://registry.npmjs.org/vscode-languageserver-textdocument/-/vscode-languageserver-textdocument-1.0.4.tgz",
            "integrity": "sha512-/xhqXP/2A2RSs+J8JNXpiiNVvvNM0oTosNVmQnunlKvq9o4mupHOBAnnzH0lwIPKazXKvAKsVp1kr+H/K4lgoQ=="
        },
        "node_modules/vscode-languageserver-types": {
            "version": "3.17.5",
            "resolved": "https://registry.npmjs.org/vscode-languageserver-types/-/vscode-languageserver-types-3.17.5.tgz",
            "integrity": "sha512-Ld1VelNuX9pdF39h2Hgaeb5hEZM2Z3jUrrMgWQAu82jMtZp7p3vJT3BzToKtZI7NgQssZje5o0zryOrhQvzQAg=="
        },
        "node_modules/vscode-uri": {
            "version": "3.0.8",
            "resolved": "https://registry.npmjs.org/vscode-uri/-/vscode-uri-3.0.8.tgz",
            "integrity": "sha512-AyFQ0EVmsOZOlAnxoFOGOq1SQDWAB7C6aqMGS23svWAllfOaxbuFvcT8D1i8z3Gyn8fraVeZNNmN6e9bxxXkKw=="
        }
    },
    "dependencies": {
        "@fluencelabs/aqua-language-server-api": {
            "version": "0.13.1",
            "resolved": "https://registry.npmjs.org/@fluencelabs/aqua-language-server-api/-/aqua-language-server-api-0.13.1.tgz",
            "integrity": "sha512-RipKk2NZiwX72eEN5gfDbdzljsGGMva01sCukrdrxV+zdyh+9TVZCjlpaVwZsjW/5e1wRCk0DE+RbVTlDc3Ktg=="
        },
        "global-dirs": {
            "version": "3.0.0",
            "resolved": "https://registry.npmjs.org/global-dirs/-/global-dirs-3.0.0.tgz",
            "integrity": "sha512-v8ho2DS5RiCjftj1nD9NmnfaOzTdud7RRnVd9kFNOjqZbISlx5DQ+OrTkywgd0dIt7oFCvKetZSHoHcP3sDdiA==",
            "requires": {
                "ini": "2.0.0"
            }
        },
        "ini": {
            "version": "2.0.0",
            "resolved": "https://registry.npmjs.org/ini/-/ini-2.0.0.tgz",
            "integrity": "sha512-7PnF4oN3CvZF23ADhA5wRaYEQpJ8qygSkbtTXWBeXWXmEVRXK+1ITciHWwHhsjv1TmW0MgacIv6hEi5pX5NQdA=="
        },
        "vscode-jsonrpc": {
            "version": "8.2.0",
            "resolved": "https://registry.npmjs.org/vscode-jsonrpc/-/vscode-jsonrpc-8.2.0.tgz",
            "integrity": "sha512-C+r0eKJUIfiDIfwJhria30+TYWPtuHJXHtI7J0YlOmKAo7ogxP20T0zxB7HZQIFhIyvoBPwWskjxrvAtfjyZfA=="
        },
        "vscode-languageserver": {
            "version": "9.0.1",
            "resolved": "https://registry.npmjs.org/vscode-languageserver/-/vscode-languageserver-9.0.1.tgz",
            "integrity": "sha512-woByF3PDpkHFUreUa7Hos7+pUWdeWMXRd26+ZX2A8cFx6v/JPTtd4/uN0/jB6XQHYaOlHbio03NTHCqrgG5n7g==",
            "requires": {
                "vscode-languageserver-protocol": "3.17.5"
            }
        },
        "vscode-languageserver-protocol": {
            "version": "3.17.5",
            "resolved": "https://registry.npmjs.org/vscode-languageserver-protocol/-/vscode-languageserver-protocol-3.17.5.tgz",
            "integrity": "sha512-mb1bvRJN8SVznADSGWM9u/b07H7Ecg0I3OgXDuLdn307rl/J3A9YD6/eYOssqhecL27hK1IPZAsaqh00i/Jljg==",
            "requires": {
                "vscode-jsonrpc": "8.2.0",
                "vscode-languageserver-types": "3.17.5"
            }
        },
        "vscode-languageserver-textdocument": {
            "version": "1.0.4",
            "resolved": "https://registry.npmjs.org/vscode-languageserver-textdocument/-/vscode-languageserver-textdocument-1.0.4.tgz",
            "integrity": "sha512-/xhqXP/2A2RSs+J8JNXpiiNVvvNM0oTosNVmQnunlKvq9o4mupHOBAnnzH0lwIPKazXKvAKsVp1kr+H/K4lgoQ=="
        },
        "vscode-languageserver-types": {
            "version": "3.17.5",
            "resolved": "https://registry.npmjs.org/vscode-languageserver-types/-/vscode-languageserver-types-3.17.5.tgz",
            "integrity": "sha512-Ld1VelNuX9pdF39h2Hgaeb5hEZM2Z3jUrrMgWQAu82jMtZp7p3vJT3BzToKtZI7NgQssZje5o0zryOrhQvzQAg=="
        },
        "vscode-uri": {
            "version": "3.0.8",
            "resolved": "https://registry.npmjs.org/vscode-uri/-/vscode-uri-3.0.8.tgz",
            "integrity": "sha512-AyFQ0EVmsOZOlAnxoFOGOq1SQDWAB7C6aqMGS23svWAllfOaxbuFvcT8D1i8z3Gyn8fraVeZNNmN6e9bxxXkKw=="
        }
    }
}
