{
    "name": "Test Aqua NPM Package",
    "version": "1.0.0",
    "lockfileVersion": 3,
    "requires": true,
    "packages": {
        "": {
            "name": "Test Aqua NPM Package",
            "version": "1.0.0",
            "license": "Apache-2.0",
            "dependencies": {
                "@fluencelabs/aqua-lib": "0.12.1"
            }
        },
        "node_modules/@fluencelabs/aqua-lib": {
            "version": "0.12.1",
            "resolved": "https://registry.npmjs.org/@fluencelabs/aqua-lib/-/aqua-lib-0.12.1.tgz",
            "integrity": "sha512-iqCoBlsc7Zr9eqFg2CBKsUUgu44viBLnUkP0fhz8vsYYzNi54/zBEpi8Vtr7JPZwPsH/ee09FSstPf6aGKiERw==",
            "license": "MIT"
        }
    }
}
